
Microsoft Visual Studio Solution File, Format Version 12.00
# Visual Studio 2012
Project("{FAE04EC0-301F-11D3-BF4B-00C04F79EFBC}") = "LineupScraper", "LineupScraper\LineupScraper.csproj", "{8ADDC44B-5BF9-4D29-AE96-0E61D7890FC4}"
EndProject
Project("{FAE04EC0-301F-11D3-BF4B-00C04F79EFBC}") = "RoleParserTest", "RoleParserTest\RoleParserTest.csproj", "{8F036DD4-E858-4F88-BCA5-6DDD992381B6}"
EndProject
Global
	GlobalSection(SolutionConfigurationPlatforms) = preSolution
		Debug|Any CPU = Debug|Any CPU
		Release|Any CPU = Release|Any CPU
	EndGlobalSection
	GlobalSection(ProjectConfigurationPlatforms) = postSolution
		{8ADDC44B-5BF9-4D29-AE96-0E61D7890FC4}.Debug|Any CPU.ActiveCfg = Debug|Any CPU
		{8ADDC44B-5BF9-4D29-AE96-0E61D7890FC4}.Debug|Any CPU.Build.0 = Debug|Any CPU
		{8ADDC44B-5BF9-4D29-AE96-0E61D7890FC4}.Release|Any CPU.ActiveCfg = Release|Any CPU
		{8ADDC44B-5BF9-4D29-AE96-0E61D7890FC4}.Release|Any CPU.Build.0 = Release|Any CPU
		{8F036DD4-E858-4F88-BCA5-6DDD992381B6}.Debug|Any CPU.ActiveCfg = Debug|Any CPU
		{8F036DD4-E858-4F88-BCA5-6DDD992381B6}.Debug|Any CPU.Build.0 = Debug|Any CPU
		{8F036DD4-E858-4F88-BCA5-6DDD992381B6}.Release|Any CPU.ActiveCfg = Release|Any CPU
		{8F036DD4-E858-4F88-BCA5-6DDD992381B6}.Release|Any CPU.Build.0 = Release|Any CPU
	EndGlobalSection
	GlobalSection(SolutionProperties) = preSolution
		HideSolutionNode = FALSE
	EndGlobalSection
EndGlobal
